
Microsoft Visual Studio Solution File, Format Version 12.00
# Visual Studio Version 17
VisualStudioVersion = 17.8.34601.278
MinimumVisualStudioVersion = 10.0.40219.1
Project("{9A19103F-16F7-4668-BE54-9A1E7A4F7556}") = "VS UML2", "VS UML2.csproj", "{A156B3FC-3A92-4644-83E8-2581543D9CB6}"
EndProject
Global
	GlobalSection(SolutionConfigurationPlatforms) = preSolution
		Debug|Any CPU = Debug|Any CPU
		Release|Any CPU = Release|Any CPU
	EndGlobalSection
	GlobalSection(ProjectConfigurationPlatforms) = postSolution
		{A156B3FC-3A92-4644-83E8-2581543D9CB6}.Debug|Any CPU.ActiveCfg = Debug|Any CPU
		{A156B3FC-3A92-4644-83E8-2581543D9CB6}.Debug|Any CPU.Build.0 = Debug|Any CPU
		{A156B3FC-3A92-4644-83E8-2581543D9CB6}.Release|Any CPU.ActiveCfg = Release|Any CPU
		{A156B3FC-3A92-4644-83E8-2581543D9CB6}.Release|Any CPU.Build.0 = Release|Any CPU
	EndGlobalSection
	GlobalSection(SolutionProperties) = preSolution
		HideSolutionNode = FALSE
	EndGlobalSection
	GlobalSection(ExtensibilityGlobals) = postSolution
		SolutionGuid = {1053E73C-97BA-410B-A012-5602A661F3F7}
	EndGlobalSection
EndGlobal
